// !$*UTF8*$!
{
	archiveVersion = 1;
	classes = {
	};
	objectVersion = 46;
	objects = {

/* Begin PBXBuildFile section */
		DD451512192A916100CB09E1 /* XCTest.framework in Frameworks */ = {isa = PBXBuildFile; fileRef = DD451511192A916100CB09E1 /* XCTest.framework */; };
		DD451513192A916100CB09E1 /* Foundation.framework in Frameworks */ = {isa = PBXBuildFile; fileRef = DD4514F8192A916100CB09E1 /* Foundation.framework */; };
		DD451514192A916100CB09E1 /* UIKit.framework in Frameworks */ = {isa = PBXBuildFile; fileRef = DD4514FC192A916100CB09E1 /* UIKit.framework */; };
		DD45151C192A916100CB09E1 /* InfoPlist.strings in Resources */ = {isa = PBXBuildFile; fileRef = DD45151A192A916100CB09E1 /* InfoPlist.strings */; };
		DD45151E192A916100CB09E1 /* CZWeatherKitTests.m in Sources */ = {isa = PBXBuildFile; fileRef = DD45151D192A916100CB09E1 /* CZWeatherKitTests.m */; };
/* End PBXBuildFile section */

/* Begin PBXFileReference section */
		DD4514F8192A916100CB09E1 /* Foundation.framework */ = {isa = PBXFileReference; lastKnownFileType = wrapper.framework; name = Foundation.framework; path = System/Library/Frameworks/Foundation.framework; sourceTree = SDKROOT; };
		DD4514FA192A916100CB09E1 /* CoreGraphics.framework */ = {isa = PBXFileReference; lastKnownFileType = wrapper.framework; name = CoreGraphics.framework; path = System/Library/Frameworks/CoreGraphics.framework; sourceTree = SDKROOT; };
		DD4514FC192A916100CB09E1 /* UIKit.framework */ = {isa = PBXFileReference; lastKnownFileType = wrapper.framework; name = UIKit.framework; path = System/Library/Frameworks/UIKit.framework; sourceTree = SDKROOT; };
		DD451510192A916100CB09E1 /* CZWeatherKitTests.xctest */ = {isa = PBXFileReference; explicitFileType = wrapper.cfbundle; includeInIndex = 0; path = CZWeatherKitTests.xctest; sourceTree = BUILT_PRODUCTS_DIR; };
		DD451511192A916100CB09E1 /* XCTest.framework */ = {isa = PBXFileReference; lastKnownFileType = wrapper.framework; name = XCTest.framework; path = Library/Frameworks/XCTest.framework; sourceTree = DEVELOPER_DIR; };
		DD451519192A916100CB09E1 /* CZWeatherKitTests-Info.plist */ = {isa = PBXFileReference; lastKnownFileType = text.plist.xml; path = "CZWeatherKitTests-Info.plist"; sourceTree = "<group>"; };
		DD45151B192A916100CB09E1 /* en */ = {isa = PBXFileReference; lastKnownFileType = text.plist.strings; name = en; path = en.lproj/InfoPlist.strings; sourceTree = "<group>"; };
		DD45151D192A916100CB09E1 /* CZWeatherKitTests.m */ = {isa = PBXFileReference; lastKnownFileType = sourcecode.c.objc; path = CZWeatherKitTests.m; sourceTree = "<group>"; };
/* End PBXFileReference section */

/* Begin PBXFrameworksBuildPhase section */
		DD45150D192A916100CB09E1 /* Frameworks */ = {
			isa = PBXFrameworksBuildPhase;
			buildActionMask = 2147483647;
			files = (
				DD451512192A916100CB09E1 /* XCTest.framework in Frameworks */,
				DD451514192A916100CB09E1 /* UIKit.framework in Frameworks */,
				DD451513192A916100CB09E1 /* Foundation.framework in Frameworks */,
			);
			runOnlyForDeploymentPostprocessing = 0;
		};
/* End PBXFrameworksBuildPhase section */

/* Begin PBXGroup section */
		DD4514EC192A916100CB09E1 = {
			isa = PBXGroup;
			children = (
				DD451517192A916100CB09E1 /* CZWeatherKitTests */,
				DD4514F7192A916100CB09E1 /* Frameworks */,
				DD4514F6192A916100CB09E1 /* Products */,
			);
			sourceTree = "<group>";
		};
		DD4514F6192A916100CB09E1 /* Products */ = {
			isa = PBXGroup;
			children = (
				DD451510192A916100CB09E1 /* CZWeatherKitTests.xctest */,
			);
			name = Products;
			sourceTree = "<group>";
		};
		DD4514F7192A916100CB09E1 /* Frameworks */ = {
			isa = PBXGroup;
			children = (
				DD4514F8192A916100CB09E1 /* Foundation.framework */,
				DD4514FA192A916100CB09E1 /* CoreGraphics.framework */,
				DD4514FC192A916100CB09E1 /* UIKit.framework */,
				DD451511192A916100CB09E1 /* XCTest.framework */,
			);
			name = Frameworks;
			sourceTree = "<group>";
		};
		DD451517192A916100CB09E1 /* CZWeatherKitTests */ = {
			isa = PBXGroup;
			children = (
				DD45151D192A916100CB09E1 /* CZWeatherKitTests.m */,
				DD451518192A916100CB09E1 /* Supporting Files */,
			);
			path = CZWeatherKitTests;
			sourceTree = "<group>";
		};
		DD451518192A916100CB09E1 /* Supporting Files */ = {
			isa = PBXGroup;
			children = (
				DD451519192A916100CB09E1 /* CZWeatherKitTests-Info.plist */,
				DD45151A192A916100CB09E1 /* InfoPlist.strings */,
			);
			name = "Supporting Files";
			sourceTree = "<group>";
		};
/* End PBXGroup section */

/* Begin PBXNativeTarget section */
		DD45150F192A916100CB09E1 /* CZWeatherKitTests */ = {
			isa = PBXNativeTarget;
			buildConfigurationList = DD451524192A916100CB09E1 /* Build configuration list for PBXNativeTarget "CZWeatherKitTests" */;
			buildPhases = (
				DD45150C192A916100CB09E1 /* Sources */,
				DD45150D192A916100CB09E1 /* Frameworks */,
				DD45150E192A916100CB09E1 /* Resources */,
			);
			buildRules = (
			);
			dependencies = (
			);
			name = CZWeatherKitTests;
			productName = CZWeatherKitTests;
			productReference = DD451510192A916100CB09E1 /* CZWeatherKitTests.xctest */;
			productType = "com.apple.product-type.bundle.unit-test";
		};
/* End PBXNativeTarget section */

/* Begin PBXProject section */
		DD4514ED192A916100CB09E1 /* Project object */ = {
			isa = PBXProject;
			attributes = {
				CLASSPREFIX = CZ;
				LastUpgradeCheck = 0510;
				ORGANIZATIONNAME = "Comyar Zaheri";
				TargetAttributes = {
					DD45150F192A916100CB09E1 = {
						TestTargetID = DD4514F4192A916100CB09E1;
					};
				};
			};
			buildConfigurationList = DD4514F0192A916100CB09E1 /* Build configuration list for PBXProject "CZWeatherKit Tests" */;
			compatibilityVersion = "Xcode 3.2";
			developmentRegion = English;
			hasScannedForEncodings = 0;
			knownRegions = (
				en,
			);
			mainGroup = DD4514EC192A916100CB09E1;
			productRefGroup = DD4514F6192A916100CB09E1 /* Products */;
			projectDirPath = "";
			projectRoot = "";
			targets = (
				DD45150F192A916100CB09E1 /* CZWeatherKitTests */,
			);
		};
/* End PBXProject section */

/* Begin PBXResourcesBuildPhase section */
		DD45150E192A916100CB09E1 /* Resources */ = {
			isa = PBXResourcesBuildPhase;
			buildActionMask = 2147483647;
			files = (
				DD45151C192A916100CB09E1 /* InfoPlist.strings in Resources */,
			);
			runOnlyForDeploymentPostprocessing = 0;
		};
/* End PBXResourcesBuildPhase section */

/* Begin PBXSourcesBuildPhase section */
		DD45150C192A916100CB09E1 /* Sources */ = {
			isa = PBXSourcesBuildPhase;
			buildActionMask = 2147483647;
			files = (
				DD45151E192A916100CB09E1 /* CZWeatherKitTests.m in Sources */,
			);
			runOnlyForDeploymentPostprocessing = 0;
		};
/* End PBXSourcesBuildPhase section */

/* Begin PBXVariantGroup section */
		DD45151A192A916100CB09E1 /* InfoPlist.strings */ = {
			isa = PBXVariantGroup;
			children = (
				DD45151B192A916100CB09E1 /* en */,
			);
			name = InfoPlist.strings;
			sourceTree = "<group>";
		};
/* End PBXVariantGroup section */

/* Begin XCBuildConfiguration section */
		DD45151F192A916100CB09E1 /* Debug */ = {
			isa = XCBuildConfiguration;
			buildSettings = {
				ALWAYS_SEARCH_USER_PATHS = NO;
				CLANG_CXX_LANGUAGE_STANDARD = "gnu++0x";
				CLANG_CXX_LIBRARY = "libc++";
				CLANG_ENABLE_MODULES = YES;
				CLANG_ENABLE_OBJC_ARC = YES;
				CLANG_WARN_BOOL_CONVERSION = YES;
				CLANG_WARN_CONSTANT_CONVERSION = YES;
				CLANG_WARN_DIRECT_OBJC_ISA_USAGE = YES_ERROR;
				CLANG_WARN_EMPTY_BODY = YES;
				CLANG_WARN_ENUM_CONVERSION = YES;
				CLANG_WARN_INT_CONVERSION = YES;
				CLANG_WARN_OBJC_ROOT_CLASS = YES_ERROR;
				CLANG_WARN__DUPLICATE_METHOD_MATCH = YES;
				"CODE_SIGN_IDENTITY[sdk=iphoneos*]" = "iPhone Developer";
				COPY_PHASE_STRIP = NO;
				GCC_C_LANGUAGE_STANDARD = gnu99;
				GCC_DYNAMIC_NO_PIC = NO;
				GCC_OPTIMIZATION_LEVEL = 0;
				GCC_PREPROCESSOR_DEFINITIONS = (
					"DEBUG=1",
					"$(inherited)",
				);
				GCC_SYMBOLS_PRIVATE_EXTERN = NO;
				GCC_WARN_64_TO_32_BIT_CONVERSION = YES;
				GCC_WARN_ABOUT_RETURN_TYPE = YES_ERROR;
				GCC_WARN_UNDECLARED_SELECTOR = YES;
				GCC_WARN_UNINITIALIZED_AUTOS = YES_AGGRESSIVE;
				GCC_WARN_UNUSED_FUNCTION = YES;
				GCC_WARN_UNUSED_VARIABLE = YES;
				IPHONEOS_DEPLOYMENT_TARGET = 7.0;
				ONLY_ACTIVE_ARCH = YES;
				SDKROOT = iphoneos;
				TARGETED_DEVICE_FAMILY = "1,2";
			};
			name = Debug;
		};
		DD451520192A916100CB09E1 /* Release */ = {
			isa = XCBuildConfiguration;
			buildSettings = {
				ALWAYS_SEARCH_USER_PATHS = NO;
				CLANG_CXX_LANGUAGE_STANDARD = "gnu++0x";
				CLANG_CXX_LIBRARY = "libc++";
				CLANG_ENABLE_MODULES = YES;
				CLANG_ENABLE_OBJC_ARC = YES;
				CLANG_WARN_BOOL_CONVERSION = YES;
				CLANG_WARN_CONSTANT_CONVERSION = YES;
				CLANG_WARN_DIRECT_OBJC_ISA_USAGE = YES_ERROR;
				CLANG_WARN_EMPTY_BODY = YES;
				CLANG_WARN_ENUM_CONVERSION = YES;
				CLANG_WARN_INT_CONVERSION = YES;
				CLANG_WARN_OBJC_ROOT_CLASS = YES_ERROR;
				CLANG_WARN__DUPLICATE_METHOD_MATCH = YES;
				"CODE_SIGN_IDENTITY[sdk=iphoneos*]" = "iPhone Developer";
				COPY_PHASE_STRIP = YES;
				ENABLE_NS_ASSERTIONS = NO;
				GCC_C_LANGUAGE_STANDARD = gnu99;
				GCC_WARN_64_TO_32_BIT_CONVERSION = YES;
				GCC_WARN_ABOUT_RETURN_TYPE = YES_ERROR;
				GCC_WARN_UNDECLARED_SELECTOR = YES;
				GCC_WARN_UNINITIALIZED_AUTOS = YES_AGGRESSIVE;
				GCC_WARN_UNUSED_FUNCTION = YES;
				GCC_WARN_UNUSED_VARIABLE = YES;
				IPHONEOS_DEPLOYMENT_TARGET = 7.0;
				SDKROOT = iphoneos;
				TARGETED_DEVICE_FAMILY = "1,2";
				VALIDATE_PRODUCT = YES;
			};
			name = Release;
		};
		DD451525192A916100CB09E1 /* Debug */ = {
			isa = XCBuildConfiguration;
			buildSettings = {
				BUNDLE_LOADER = "$(BUILT_PRODUCTS_DIR)/CZWeatherKit.app/CZWeatherKit";
				FRAMEWORK_SEARCH_PATHS = (
					"$(SDKROOT)/Developer/Library/Frameworks",
					"$(inherited)",
					"$(DEVELOPER_FRAMEWORKS_DIR)",
				);
				GCC_PRECOMPILE_PREFIX_HEADER = YES;
				GCC_PREFIX_HEADER = "CZWeatherKit/CZWeatherKit-Prefix.pch";
				GCC_PREPROCESSOR_DEFINITIONS = (
					"DEBUG=1",
					"$(inherited)",
				);
				INFOPLIST_FILE = "CZWeatherKitTests/CZWeatherKitTests-Info.plist";
				PRODUCT_NAME = "$(TARGET_NAME)";
				TEST_HOST = "$(BUNDLE_LOADER)";
				WRAPPER_EXTENSION = xctest;
			};
			name = Debug;
		};
		DD451526192A916100CB09E1 /* Release */ = {
			isa = XCBuildConfiguration;
			buildSettings = {
				BUNDLE_LOADER = "$(BUILT_PRODUCTS_DIR)/CZWeatherKit.app/CZWeatherKit";
				FRAMEWORK_SEARCH_PATHS = (
					"$(SDKROOT)/Developer/Library/Frameworks",
					"$(inherited)",
					"$(DEVELOPER_FRAMEWORKS_DIR)",
				);
				GCC_PRECOMPILE_PREFIX_HEADER = YES;
				GCC_PREFIX_HEADER = "CZWeatherKit/CZWeatherKit-Prefix.pch";
				INFOPLIST_FILE = "CZWeatherKitTests/CZWeatherKitTests-Info.plist";
				PRODUCT_NAME = "$(TARGET_NAME)";
				TEST_HOST = "$(BUNDLE_LOADER)";
				WRAPPER_EXTENSION = xctest;
			};
			name = Release;
		};
/* End XCBuildConfiguration section */

/* Begin XCConfigurationList section */
		DD4514F0192A916100CB09E1 /* Build configuration list for PBXProject "CZWeatherKit Tests" */ = {
			isa = XCConfigurationList;
			buildConfigurations = (
				DD45151F192A916100CB09E1 /* Debug */,
				DD451520192A916100CB09E1 /* Release */,
			);
			defaultConfigurationIsVisible = 0;
			defaultConfigurationName = Release;
		};
		DD451524192A916100CB09E1 /* Build configuration list for PBXNativeTarget "CZWeatherKitTests" */ = {
			isa = XCConfigurationList;
			buildConfigurations = (
				DD451525192A916100CB09E1 /* Debug */,
				DD451526192A916100CB09E1 /* Release */,
			);
			defaultConfigurationIsVisible = 0;
		};
/* End XCConfigurationList section */
	};
	rootObject = DD4514ED192A916100CB09E1 /* Project object */;
}
