// !$*UTF8*$!
{
	archiveVersion = 1;
	classes = {
	};
	objectVersion = 46;
	objects = {

/* Begin PBXBuildFile section */
		2DFAA86019354242001E2691 /* CZWeatherLocationTestCase.m in Sources */ = {isa = PBXBuildFile; fileRef = 2DFAA85F19354242001E2691 /* CZWeatherLocationTestCase.m */; };
		96AA58111942034B00AC9A82 /* CZForecastioService.m in Sources */ = {isa = PBXBuildFile; fileRef = 96AA58101942034B00AC9A82 /* CZForecastioService.m */; };
		96AA58121942034B00AC9A82 /* CZForecastioService.m in Sources */ = {isa = PBXBuildFile; fileRef = 96AA58101942034B00AC9A82 /* CZForecastioService.m */; };
		DD351B4F193568680043CED3 /* CZWeatherLocationTestCase.m in Sources */ = {isa = PBXBuildFile; fileRef = 2DFAA85F19354242001E2691 /* CZWeatherLocationTestCase.m */; };
		DD444CFA193421BB00361FB3 /* CZWeatherLocation.m in Sources */ = {isa = PBXBuildFile; fileRef = DD444CF9193421BB00361FB3 /* CZWeatherLocation.m */; };
		DD444CFB193421BB00361FB3 /* CZWeatherLocation.m in Sources */ = {isa = PBXBuildFile; fileRef = DD444CF9193421BB00361FB3 /* CZWeatherLocation.m */; };
		DDB94A541930737E0079DF6D /* InfoPlist.strings in Resources */ = {isa = PBXBuildFile; fileRef = DDB94A521930737E0079DF6D /* InfoPlist.strings */; };
		DDB94A5E193073C40079DF6D /* current_wunderground.json in Resources */ = {isa = PBXBuildFile; fileRef = DD51821A192BDD6400D896A6 /* current_wunderground.json */; };
		DDB94A5F193073C40079DF6D /* forecastFull_wunderground.json in Resources */ = {isa = PBXBuildFile; fileRef = DD51821B192BDD6400D896A6 /* forecastFull_wunderground.json */; };
		DDB94A60193073C40079DF6D /* forecastLight_wunderground.json in Resources */ = {isa = PBXBuildFile; fileRef = DD51821C192BDD6400D896A6 /* forecastLight_wunderground.json */; };
		DDB94A8B193074520079DF6D /* current_wunderground.json in Resources */ = {isa = PBXBuildFile; fileRef = DD51821A192BDD6400D896A6 /* current_wunderground.json */; };
		DDB94A8C193074520079DF6D /* forecastFull_wunderground.json in Resources */ = {isa = PBXBuildFile; fileRef = DD51821B192BDD6400D896A6 /* forecastFull_wunderground.json */; };
		DDB94A8D193074520079DF6D /* forecastLight_wunderground.json in Resources */ = {isa = PBXBuildFile; fileRef = DD51821C192BDD6400D896A6 /* forecastLight_wunderground.json */; };
		DDB94A8E193074520079DF6D /* InfoPlist.strings in Resources */ = {isa = PBXBuildFile; fileRef = DDB94A73193073F30079DF6D /* InfoPlist.strings */; };
		DDB94A90193077880079DF6D /* CZWundergroundServiceTests.m in Sources */ = {isa = PBXBuildFile; fileRef = DD518215192B167400D896A6 /* CZWundergroundServiceTests.m */; };
		DDB94A91193077910079DF6D /* CZWeatherServiceTestCase.m in Sources */ = {isa = PBXBuildFile; fileRef = DD518212192B15B600D896A6 /* CZWeatherServiceTestCase.m */; };
		DDB94A92193079380079DF6D /* CZWeatherServiceTestCase.m in Sources */ = {isa = PBXBuildFile; fileRef = DD518212192B15B600D896A6 /* CZWeatherServiceTestCase.m */; };
		DDB94A93193079380079DF6D /* CZWundergroundServiceTests.m in Sources */ = {isa = PBXBuildFile; fileRef = DD518215192B167400D896A6 /* CZWundergroundServiceTests.m */; };
		DDCD8B9E19307D1F00D9B731 /* Foundation.framework in Frameworks */ = {isa = PBXBuildFile; fileRef = DDCD8B9B19307CF700D9B731 /* Foundation.framework */; };
		DDCD8B9F19307D2300D9B731 /* XCTest.framework in Frameworks */ = {isa = PBXBuildFile; fileRef = DDCD8B9719307CEC00D9B731 /* XCTest.framework */; };
		DDCD8BA019307D2800D9B731 /* UIKit.framework in Frameworks */ = {isa = PBXBuildFile; fileRef = DDCD8B9919307CF100D9B731 /* UIKit.framework */; };
		DDCD8BA519307D4A00D9B731 /* Foundation.framework in Frameworks */ = {isa = PBXBuildFile; fileRef = DDCD8BA319307D4000D9B731 /* Foundation.framework */; };
		DDCD8BA719307D5E00D9B731 /* XCTest.framework in Frameworks */ = {isa = PBXBuildFile; fileRef = DDCD8B9719307CEC00D9B731 /* XCTest.framework */; };
		DDCD8BAA1931ADC400D9B731 /* CZOpenWeatherMapServiceTests.m in Sources */ = {isa = PBXBuildFile; fileRef = DDCD8BA91931ADC400D9B731 /* CZOpenWeatherMapServiceTests.m */; };
		DDCD8BAB1931B8C200D9B731 /* CZOpenWeatherMapServiceTests.m in Sources */ = {isa = PBXBuildFile; fileRef = DDCD8BA91931ADC400D9B731 /* CZOpenWeatherMapServiceTests.m */; };
		DDCD8D331932802800D9B731 /* CZWeatherCondition.m in Sources */ = {isa = PBXBuildFile; fileRef = DDCD8D251932802800D9B731 /* CZWeatherCondition.m */; };
		DDCD8D341932802800D9B731 /* NSString+CZWeatherKit_Substring.m in Sources */ = {isa = PBXBuildFile; fileRef = DDCD8D281932802800D9B731 /* NSString+CZWeatherKit_Substring.m */; };
		DDCD8D351932802800D9B731 /* CZWeatherRequest.m in Sources */ = {isa = PBXBuildFile; fileRef = DDCD8D2B1932802800D9B731 /* CZWeatherRequest.m */; };
		DDCD8D361932802800D9B731 /* CZOpenWeatherMapService.m in Sources */ = {isa = PBXBuildFile; fileRef = DDCD8D2E1932802800D9B731 /* CZOpenWeatherMapService.m */; };
		DDCD8D371932802800D9B731 /* CZWundergroundService.m in Sources */ = {isa = PBXBuildFile; fileRef = DDCD8D321932802800D9B731 /* CZWundergroundService.m */; };
		DDCD8D801932807A00D9B731 /* CZWeatherCondition.m in Sources */ = {isa = PBXBuildFile; fileRef = DDCD8D251932802800D9B731 /* CZWeatherCondition.m */; };
		DDCD8D811932807A00D9B731 /* NSString+CZWeatherKit_Substring.m in Sources */ = {isa = PBXBuildFile; fileRef = DDCD8D281932802800D9B731 /* NSString+CZWeatherKit_Substring.m */; };
		DDCD8D821932807A00D9B731 /* CZWeatherRequest.m in Sources */ = {isa = PBXBuildFile; fileRef = DDCD8D2B1932802800D9B731 /* CZWeatherRequest.m */; };
		DDCD8D831932807A00D9B731 /* CZOpenWeatherMapService.m in Sources */ = {isa = PBXBuildFile; fileRef = DDCD8D2E1932802800D9B731 /* CZOpenWeatherMapService.m */; };
		DDCD8D841932807A00D9B731 /* CZWundergroundService.m in Sources */ = {isa = PBXBuildFile; fileRef = DDCD8D321932802800D9B731 /* CZWundergroundService.m */; };
		DDCD8DE61932A13F00D9B731 /* current_openweathermap.json in Resources */ = {isa = PBXBuildFile; fileRef = DDCD8DE31932A13F00D9B731 /* current_openweathermap.json */; };
		DDCD8DE71932A13F00D9B731 /* forecastFull_openweathermap.json in Resources */ = {isa = PBXBuildFile; fileRef = DDCD8DE41932A13F00D9B731 /* forecastFull_openweathermap.json */; };
		DDCD8DE81932A13F00D9B731 /* forecastLight_openweathermap.json in Resources */ = {isa = PBXBuildFile; fileRef = DDCD8DE51932A13F00D9B731 /* forecastLight_openweathermap.json */; };
		DDCD8DE91932B96B00D9B731 /* current_openweathermap.json in Resources */ = {isa = PBXBuildFile; fileRef = DDCD8DE31932A13F00D9B731 /* current_openweathermap.json */; };
		DDCD8DEA1932B96B00D9B731 /* forecastFull_openweathermap.json in Resources */ = {isa = PBXBuildFile; fileRef = DDCD8DE41932A13F00D9B731 /* forecastFull_openweathermap.json */; };
		DDCD8DEB1932B96B00D9B731 /* forecastLight_openweathermap.json in Resources */ = {isa = PBXBuildFile; fileRef = DDCD8DE51932A13F00D9B731 /* forecastLight_openweathermap.json */; };
/* End PBXBuildFile section */

/* Begin PBXFileReference section */
		2DFAA85F19354242001E2691 /* CZWeatherLocationTestCase.m */ = {isa = PBXFileReference; fileEncoding = 4; lastKnownFileType = sourcecode.c.objc; path = CZWeatherLocationTestCase.m; sourceTree = "<group>"; };
		964F79E31942352900958CE6 /* Climacons.h */ = {isa = PBXFileReference; fileEncoding = 4; lastKnownFileType = sourcecode.c.h; path = Climacons.h; sourceTree = "<group>"; };
		96AA580E1942034100AC9A82 /* CZMacros.h */ = {isa = PBXFileReference; fileEncoding = 4; lastKnownFileType = sourcecode.c.h; path = CZMacros.h; sourceTree = "<group>"; };
		96AA580F1942034B00AC9A82 /* CZForecastioService.h */ = {isa = PBXFileReference; fileEncoding = 4; lastKnownFileType = sourcecode.c.h; path = CZForecastioService.h; sourceTree = "<group>"; };
		96AA58101942034B00AC9A82 /* CZForecastioService.m */ = {isa = PBXFileReference; fileEncoding = 4; lastKnownFileType = sourcecode.c.objc; path = CZForecastioService.m; sourceTree = "<group>"; };
		DD444CF8193421BB00361FB3 /* CZWeatherLocation.h */ = {isa = PBXFileReference; fileEncoding = 4; lastKnownFileType = sourcecode.c.h; path = CZWeatherLocation.h; sourceTree = "<group>"; };
		DD444CF9193421BB00361FB3 /* CZWeatherLocation.m */ = {isa = PBXFileReference; fileEncoding = 4; lastKnownFileType = sourcecode.c.objc; path = CZWeatherLocation.m; sourceTree = "<group>"; };
		DD5181E9192AF6D100D896A6 /* CZWeatherKitTests-Info.plist */ = {isa = PBXFileReference; lastKnownFileType = text.plist.xml; path = "CZWeatherKitTests-Info.plist"; sourceTree = "<group>"; };
		DD5181EB192AF6D100D896A6 /* en */ = {isa = PBXFileReference; lastKnownFileType = text.plist.strings; name = en; path = en.lproj/InfoPlist.strings; sourceTree = "<group>"; };
		DD518211192B15B600D896A6 /* CZWeatherServiceTestCase.h */ = {isa = PBXFileReference; fileEncoding = 4; lastKnownFileType = sourcecode.c.h; path = CZWeatherServiceTestCase.h; sourceTree = "<group>"; };
		DD518212192B15B600D896A6 /* CZWeatherServiceTestCase.m */ = {isa = PBXFileReference; fileEncoding = 4; lastKnownFileType = sourcecode.c.objc; path = CZWeatherServiceTestCase.m; sourceTree = "<group>"; };
		DD518215192B167400D896A6 /* CZWundergroundServiceTests.m */ = {isa = PBXFileReference; fileEncoding = 4; lastKnownFileType = sourcecode.c.objc; path = CZWundergroundServiceTests.m; sourceTree = "<group>"; };
		DD51821A192BDD6400D896A6 /* current_wunderground.json */ = {isa = PBXFileReference; fileEncoding = 4; lastKnownFileType = text.json; name = current_wunderground.json; path = JSON/current_wunderground.json; sourceTree = "<group>"; };
		DD51821B192BDD6400D896A6 /* forecastFull_wunderground.json */ = {isa = PBXFileReference; fileEncoding = 4; lastKnownFileType = text.json; name = forecastFull_wunderground.json; path = JSON/forecastFull_wunderground.json; sourceTree = "<group>"; };
		DD51821C192BDD6400D896A6 /* forecastLight_wunderground.json */ = {isa = PBXFileReference; fileEncoding = 4; lastKnownFileType = text.json; name = forecastLight_wunderground.json; path = JSON/forecastLight_wunderground.json; sourceTree = "<group>"; };
		DDB94A4D1930737E0079DF6D /* OSX Tests.xctest */ = {isa = PBXFileReference; explicitFileType = wrapper.cfbundle; includeInIndex = 0; path = "OSX Tests.xctest"; sourceTree = BUILT_PRODUCTS_DIR; };
		DDB94A511930737E0079DF6D /* OSX Tests-Info.plist */ = {isa = PBXFileReference; lastKnownFileType = text.plist.xml; path = "OSX Tests-Info.plist"; sourceTree = "<group>"; };
		DDB94A531930737E0079DF6D /* en */ = {isa = PBXFileReference; lastKnownFileType = text.plist.strings; name = en; path = en.lproj/InfoPlist.strings; sourceTree = "<group>"; };
		DDB94A6C193073F30079DF6D /* iOS Tests.xctest */ = {isa = PBXFileReference; explicitFileType = wrapper.cfbundle; includeInIndex = 0; path = "iOS Tests.xctest"; sourceTree = BUILT_PRODUCTS_DIR; };
		DDB94A72193073F30079DF6D /* iOS Tests-Info.plist */ = {isa = PBXFileReference; lastKnownFileType = text.plist.xml; path = "iOS Tests-Info.plist"; sourceTree = "<group>"; };
		DDB94A74193073F30079DF6D /* en */ = {isa = PBXFileReference; lastKnownFileType = text.plist.strings; name = en; path = en.lproj/InfoPlist.strings; sourceTree = "<group>"; };
		DDCD8B9719307CEC00D9B731 /* XCTest.framework */ = {isa = PBXFileReference; lastKnownFileType = wrapper.framework; name = XCTest.framework; path = Library/Frameworks/XCTest.framework; sourceTree = DEVELOPER_DIR; };
		DDCD8B9919307CF100D9B731 /* UIKit.framework */ = {isa = PBXFileReference; lastKnownFileType = wrapper.framework; name = UIKit.framework; path = System/Library/Frameworks/UIKit.framework; sourceTree = SDKROOT; };
		DDCD8B9B19307CF700D9B731 /* Foundation.framework */ = {isa = PBXFileReference; lastKnownFileType = wrapper.framework; name = Foundation.framework; path = System/Library/Frameworks/Foundation.framework; sourceTree = SDKROOT; };
		DDCD8BA319307D4000D9B731 /* Foundation.framework */ = {isa = PBXFileReference; lastKnownFileType = wrapper.framework; name = Foundation.framework; path = Platforms/MacOSX.platform/Developer/SDKs/MacOSX10.9.sdk/System/Library/Frameworks/Foundation.framework; sourceTree = DEVELOPER_DIR; };
		DDCD8BA91931ADC400D9B731 /* CZOpenWeatherMapServiceTests.m */ = {isa = PBXFileReference; fileEncoding = 4; lastKnownFileType = sourcecode.c.objc; path = CZOpenWeatherMapServiceTests.m; sourceTree = "<group>"; };
		DDCD8D221932802800D9B731 /* CZWeatherKit.h */ = {isa = PBXFileReference; fileEncoding = 4; lastKnownFileType = sourcecode.c.h; path = CZWeatherKit.h; sourceTree = "<group>"; };
		DDCD8D241932802800D9B731 /* CZWeatherCondition.h */ = {isa = PBXFileReference; fileEncoding = 4; lastKnownFileType = sourcecode.c.h; path = CZWeatherCondition.h; sourceTree = "<group>"; };
		DDCD8D251932802800D9B731 /* CZWeatherCondition.m */ = {isa = PBXFileReference; fileEncoding = 4; lastKnownFileType = sourcecode.c.objc; path = CZWeatherCondition.m; sourceTree = "<group>"; };
		DDCD8D271932802800D9B731 /* NSString+CZWeatherKit_Substring.h */ = {isa = PBXFileReference; fileEncoding = 4; lastKnownFileType = sourcecode.c.h; path = "NSString+CZWeatherKit_Substring.h"; sourceTree = "<group>"; };
		DDCD8D281932802800D9B731 /* NSString+CZWeatherKit_Substring.m */ = {isa = PBXFileReference; fileEncoding = 4; lastKnownFileType = sourcecode.c.objc; path = "NSString+CZWeatherKit_Substring.m"; sourceTree = "<group>"; };
		DDCD8D2A1932802800D9B731 /* CZWeatherRequest.h */ = {isa = PBXFileReference; fileEncoding = 4; lastKnownFileType = sourcecode.c.h; path = CZWeatherRequest.h; sourceTree = "<group>"; };
		DDCD8D2B1932802800D9B731 /* CZWeatherRequest.m */ = {isa = PBXFileReference; fileEncoding = 4; lastKnownFileType = sourcecode.c.objc; path = CZWeatherRequest.m; sourceTree = "<group>"; };
		DDCD8D2D1932802800D9B731 /* CZOpenWeatherMapService.h */ = {isa = PBXFileReference; fileEncoding = 4; lastKnownFileType = sourcecode.c.h; path = CZOpenWeatherMapService.h; sourceTree = "<group>"; };
		DDCD8D2E1932802800D9B731 /* CZOpenWeatherMapService.m */ = {isa = PBXFileReference; fileEncoding = 4; lastKnownFileType = sourcecode.c.objc; path = CZOpenWeatherMapService.m; sourceTree = "<group>"; };
		DDCD8D2F1932802800D9B731 /* CZWeatherService.h */ = {isa = PBXFileReference; fileEncoding = 4; lastKnownFileType = sourcecode.c.h; path = CZWeatherService.h; sourceTree = "<group>"; };
		DDCD8D301932802800D9B731 /* CZWeatherService_Internal.h */ = {isa = PBXFileReference; fileEncoding = 4; lastKnownFileType = sourcecode.c.h; path = CZWeatherService_Internal.h; sourceTree = "<group>"; };
		DDCD8D311932802800D9B731 /* CZWundergroundService.h */ = {isa = PBXFileReference; fileEncoding = 4; lastKnownFileType = sourcecode.c.h; path = CZWundergroundService.h; sourceTree = "<group>"; };
		DDCD8D321932802800D9B731 /* CZWundergroundService.m */ = {isa = PBXFileReference; fileEncoding = 4; lastKnownFileType = sourcecode.c.objc; path = CZWundergroundService.m; sourceTree = "<group>"; };
		DDCD8DE31932A13F00D9B731 /* current_openweathermap.json */ = {isa = PBXFileReference; fileEncoding = 4; lastKnownFileType = text.json; name = current_openweathermap.json; path = JSON/current_openweathermap.json; sourceTree = "<group>"; };
		DDCD8DE41932A13F00D9B731 /* forecastFull_openweathermap.json */ = {isa = PBXFileReference; fileEncoding = 4; lastKnownFileType = text.json; name = forecastFull_openweathermap.json; path = JSON/forecastFull_openweathermap.json; sourceTree = "<group>"; };
		DDCD8DE51932A13F00D9B731 /* forecastLight_openweathermap.json */ = {isa = PBXFileReference; fileEncoding = 4; lastKnownFileType = text.json; name = forecastLight_openweathermap.json; path = JSON/forecastLight_openweathermap.json; sourceTree = "<group>"; };
/* End PBXFileReference section */

/* Begin PBXFrameworksBuildPhase section */
		DDB94A4A1930737E0079DF6D /* Frameworks */ = {
			isa = PBXFrameworksBuildPhase;
			buildActionMask = 2147483647;
			files = (
				DDCD8BA719307D5E00D9B731 /* XCTest.framework in Frameworks */,
				DDCD8BA519307D4A00D9B731 /* Foundation.framework in Frameworks */,
			);
			runOnlyForDeploymentPostprocessing = 0;
		};
		DDB94A69193073F30079DF6D /* Frameworks */ = {
			isa = PBXFrameworksBuildPhase;
			buildActionMask = 2147483647;
			files = (
				DDCD8BA019307D2800D9B731 /* UIKit.framework in Frameworks */,
				DDCD8B9F19307D2300D9B731 /* XCTest.framework in Frameworks */,
				DDCD8B9E19307D1F00D9B731 /* Foundation.framework in Frameworks */,
			);
			runOnlyForDeploymentPostprocessing = 0;
		};
/* End PBXFrameworksBuildPhase section */

/* Begin PBXGroup section */
		DD351B4E193562F30043CED3 /* Data */ = {
			isa = PBXGroup;
			children = (
				2DFAA85F19354242001E2691 /* CZWeatherLocationTestCase.m */,
			);
			name = Data;
			sourceTree = "<group>";
		};
		DD5181BC192AF6D100D896A6 = {
			isa = PBXGroup;
			children = (
				DDCD8D201932802800D9B731 /* CZWeatherKit */,
				DD5181E7192AF6D100D896A6 /* CZWeatherKitTests */,
				DDCD8B9D19307D0900D9B731 /* Frameworks */,
				DD5181C6192AF6D100D896A6 /* Products */,
			);
			sourceTree = "<group>";
		};
		DD5181C6192AF6D100D896A6 /* Products */ = {
			isa = PBXGroup;
			children = (
				DDB94A4D1930737E0079DF6D /* OSX Tests.xctest */,
				DDB94A6C193073F30079DF6D /* iOS Tests.xctest */,
			);
			name = Products;
			sourceTree = "<group>";
		};
		DD5181E7192AF6D100D896A6 /* CZWeatherKitTests */ = {
			isa = PBXGroup;
			children = (
				DD351B4E193562F30043CED3 /* Data */,
				DD518210192B159D00D896A6 /* Services */,
				DDB94A70193073F30079DF6D /* iOS Tests */,
				DDB94A4F1930737E0079DF6D /* OSX Tests */,
				DD518219192BDD5900D896A6 /* JSON */,
				DD5181E8192AF6D100D896A6 /* Supporting Files */,
			);
			path = CZWeatherKitTests;
			sourceTree = "<group>";
		};
		DD5181E8192AF6D100D896A6 /* Supporting Files */ = {
			isa = PBXGroup;
			children = (
				DD5181E9192AF6D100D896A6 /* CZWeatherKitTests-Info.plist */,
				DD5181EA192AF6D100D896A6 /* InfoPlist.strings */,
			);
			name = "Supporting Files";
			sourceTree = "<group>";
		};
		DD518210192B159D00D896A6 /* Services */ = {
			isa = PBXGroup;
			children = (
				DD518211192B15B600D896A6 /* CZWeatherServiceTestCase.h */,
				DD518212192B15B600D896A6 /* CZWeatherServiceTestCase.m */,
				DD518215192B167400D896A6 /* CZWundergroundServiceTests.m */,
				DDCD8BA91931ADC400D9B731 /* CZOpenWeatherMapServiceTests.m */,
			);
			name = Services;
			sourceTree = "<group>";
		};
		DD518219192BDD5900D896A6 /* JSON */ = {
			isa = PBXGroup;
			children = (
				DDCD8DE31932A13F00D9B731 /* current_openweathermap.json */,
				DDCD8DE41932A13F00D9B731 /* forecastFull_openweathermap.json */,
				DDCD8DE51932A13F00D9B731 /* forecastLight_openweathermap.json */,
				DD51821A192BDD6400D896A6 /* current_wunderground.json */,
				DD51821B192BDD6400D896A6 /* forecastFull_wunderground.json */,
				DD51821C192BDD6400D896A6 /* forecastLight_wunderground.json */,
			);
			name = JSON;
			sourceTree = "<group>";
		};
		DDB94A4F1930737E0079DF6D /* OSX Tests */ = {
			isa = PBXGroup;
			children = (
				DDB94A501930737E0079DF6D /* Supporting Files */,
			);
			name = "OSX Tests";
			path = "../OSX Tests";
			sourceTree = "<group>";
		};
		DDB94A501930737E0079DF6D /* Supporting Files */ = {
			isa = PBXGroup;
			children = (
				DDB94A511930737E0079DF6D /* OSX Tests-Info.plist */,
				DDB94A521930737E0079DF6D /* InfoPlist.strings */,
			);
			name = "Supporting Files";
			sourceTree = "<group>";
		};
		DDB94A70193073F30079DF6D /* iOS Tests */ = {
			isa = PBXGroup;
			children = (
				DDB94A71193073F30079DF6D /* Supporting Files */,
			);
			name = "iOS Tests";
			path = "../iOS Tests";
			sourceTree = "<group>";
		};
		DDB94A71193073F30079DF6D /* Supporting Files */ = {
			isa = PBXGroup;
			children = (
				DDB94A72193073F30079DF6D /* iOS Tests-Info.plist */,
				DDB94A73193073F30079DF6D /* InfoPlist.strings */,
			);
			name = "Supporting Files";
			sourceTree = "<group>";
		};
		DDCD8B9D19307D0900D9B731 /* Frameworks */ = {
			isa = PBXGroup;
			children = (
				DDCD8B9719307CEC00D9B731 /* XCTest.framework */,
				DDCD8BA219307D3000D9B731 /* OSX */,
				DDCD8BA119307D2900D9B731 /* iOS */,
			);
			name = Frameworks;
			sourceTree = "<group>";
		};
		DDCD8BA119307D2900D9B731 /* iOS */ = {
			isa = PBXGroup;
			children = (
				DDCD8B9B19307CF700D9B731 /* Foundation.framework */,
				DDCD8B9919307CF100D9B731 /* UIKit.framework */,
			);
			name = iOS;
			sourceTree = "<group>";
		};
		DDCD8BA219307D3000D9B731 /* OSX */ = {
			isa = PBXGroup;
			children = (
				DDCD8BA319307D4000D9B731 /* Foundation.framework */,
			);
			name = OSX;
			sourceTree = "<group>";
		};
		DDCD8D201932802800D9B731 /* CZWeatherKit */ = {
			isa = PBXGroup;
			children = (
				964F79E31942352900958CE6 /* Climacons.h */,
				DDCD8D221932802800D9B731 /* CZWeatherKit.h */,
				DDCD8D231932802800D9B731 /* Data */,
				DDCD8D291932802800D9B731 /* Request */,
				DDCD8D2C1932802800D9B731 /* Service */,
				DDCD8D261932802800D9B731 /* Helper */,
			);
			name = CZWeatherKit;
			path = ../CZWeatherKit;
			sourceTree = "<group>";
		};
		DDCD8D231932802800D9B731 /* Data */ = {
			isa = PBXGroup;
			children = (
				DDCD8D241932802800D9B731 /* CZWeatherCondition.h */,
				DDCD8D251932802800D9B731 /* CZWeatherCondition.m */,
			);
			path = Data;
			sourceTree = "<group>";
		};
		DDCD8D261932802800D9B731 /* Helper */ = {
			isa = PBXGroup;
			children = (
				96AA580E1942034100AC9A82 /* CZMacros.h */,
				DDCD8D271932802800D9B731 /* NSString+CZWeatherKit_Substring.h */,
				DDCD8D281932802800D9B731 /* NSString+CZWeatherKit_Substring.m */,
			);
			path = Helper;
			sourceTree = "<group>";
		};
		DDCD8D291932802800D9B731 /* Request */ = {
			isa = PBXGroup;
			children = (
				DDCD8D2A1932802800D9B731 /* CZWeatherRequest.h */,
				DDCD8D2B1932802800D9B731 /* CZWeatherRequest.m */,
				DD444CF8193421BB00361FB3 /* CZWeatherLocation.h */,
				DD444CF9193421BB00361FB3 /* CZWeatherLocation.m */,
			);
			path = Request;
			sourceTree = "<group>";
		};
		DDCD8D2C1932802800D9B731 /* Service */ = {
			isa = PBXGroup;
			children = (
				DDCD8D2F1932802800D9B731 /* CZWeatherService.h */,
				DDCD8D301932802800D9B731 /* CZWeatherService_Internal.h */,
				DDCD8D2D1932802800D9B731 /* CZOpenWeatherMapService.h */,
				DDCD8D2E1932802800D9B731 /* CZOpenWeatherMapService.m */,
				DDCD8D311932802800D9B731 /* CZWundergroundService.h */,
				DDCD8D321932802800D9B731 /* CZWundergroundService.m */,
				96AA580F1942034B00AC9A82 /* CZForecastioService.h */,
				96AA58101942034B00AC9A82 /* CZForecastioService.m */,
			);
			path = Service;
			sourceTree = "<group>";
		};
/* End PBXGroup section */

/* Begin PBXNativeTarget section */
		DDB94A4C1930737E0079DF6D /* OSX Tests */ = {
			isa = PBXNativeTarget;
			buildConfigurationList = DDB94A581930737E0079DF6D /* Build configuration list for PBXNativeTarget "OSX Tests" */;
			buildPhases = (
				DDB94A491930737E0079DF6D /* Sources */,
				DDB94A4A1930737E0079DF6D /* Frameworks */,
				DDB94A4B1930737E0079DF6D /* Resources */,
			);
			buildRules = (
			);
			dependencies = (
			);
			name = "OSX Tests";
			productName = "OSX Tests";
			productReference = DDB94A4D1930737E0079DF6D /* OSX Tests.xctest */;
			productType = "com.apple.product-type.bundle.unit-test";
		};
		DDB94A6B193073F30079DF6D /* iOS Tests */ = {
			isa = PBXNativeTarget;
			buildConfigurationList = DDB94A79193073F30079DF6D /* Build configuration list for PBXNativeTarget "iOS Tests" */;
			buildPhases = (
				DDB94A68193073F30079DF6D /* Sources */,
				DDB94A69193073F30079DF6D /* Frameworks */,
				DDB94A6A193073F30079DF6D /* Resources */,
			);
			buildRules = (
			);
			dependencies = (
			);
			name = "iOS Tests";
			productName = "iOS Tests";
			productReference = DDB94A6C193073F30079DF6D /* iOS Tests.xctest */;
			productType = "com.apple.product-type.bundle.unit-test";
		};
/* End PBXNativeTarget section */

/* Begin PBXProject section */
		DD5181BD192AF6D100D896A6 /* Project object */ = {
			isa = PBXProject;
			attributes = {
				CLASSPREFIX = CZ;
				LastUpgradeCheck = 0510;
				ORGANIZATIONNAME = "Comyar Zaheri";
			};
			buildConfigurationList = DD5181C0192AF6D100D896A6 /* Build configuration list for PBXProject "CZWeatherKit Tests" */;
			compatibilityVersion = "Xcode 3.2";
			developmentRegion = English;
			hasScannedForEncodings = 0;
			knownRegions = (
				en,
			);
			mainGroup = DD5181BC192AF6D100D896A6;
			productRefGroup = DD5181C6192AF6D100D896A6 /* Products */;
			projectDirPath = "";
			projectRoot = "";
			targets = (
				DDB94A6B193073F30079DF6D /* iOS Tests */,
				DDB94A4C1930737E0079DF6D /* OSX Tests */,
			);
		};
/* End PBXProject section */

/* Begin PBXResourcesBuildPhase section */
		DDB94A4B1930737E0079DF6D /* Resources */ = {
			isa = PBXResourcesBuildPhase;
			buildActionMask = 2147483647;
			files = (
				DDCD8DE91932B96B00D9B731 /* current_openweathermap.json in Resources */,
				DDCD8DEA1932B96B00D9B731 /* forecastFull_openweathermap.json in Resources */,
				DDCD8DEB1932B96B00D9B731 /* forecastLight_openweathermap.json in Resources */,
				DDB94A5E193073C40079DF6D /* current_wunderground.json in Resources */,
				DDB94A5F193073C40079DF6D /* forecastFull_wunderground.json in Resources */,
				DDB94A60193073C40079DF6D /* forecastLight_wunderground.json in Resources */,
				DDB94A541930737E0079DF6D /* InfoPlist.strings in Resources */,
			);
			runOnlyForDeploymentPostprocessing = 0;
		};
		DDB94A6A193073F30079DF6D /* Resources */ = {
			isa = PBXResourcesBuildPhase;
			buildActionMask = 2147483647;
			files = (
				DDB94A8B193074520079DF6D /* current_wunderground.json in Resources */,
				DDB94A8C193074520079DF6D /* forecastFull_wunderground.json in Resources */,
				DDCD8DE61932A13F00D9B731 /* current_openweathermap.json in Resources */,
				DDB94A8D193074520079DF6D /* forecastLight_wunderground.json in Resources */,
				DDCD8DE81932A13F00D9B731 /* forecastLight_openweathermap.json in Resources */,
				DDCD8DE71932A13F00D9B731 /* forecastFull_openweathermap.json in Resources */,
				DDB94A8E193074520079DF6D /* InfoPlist.strings in Resources */,
			);
			runOnlyForDeploymentPostprocessing = 0;
		};
/* End PBXResourcesBuildPhase section */

/* Begin PBXSourcesBuildPhase section */
		DDB94A491930737E0079DF6D /* Sources */ = {
			isa = PBXSourcesBuildPhase;
			buildActionMask = 2147483647;
			files = (
				DD351B4F193568680043CED3 /* CZWeatherLocationTestCase.m in Sources */,
				DD444CFB193421BB00361FB3 /* CZWeatherLocation.m in Sources */,
				DDCD8D801932807A00D9B731 /* CZWeatherCondition.m in Sources */,
				DDCD8D811932807A00D9B731 /* NSString+CZWeatherKit_Substring.m in Sources */,
				DDCD8D821932807A00D9B731 /* CZWeatherRequest.m in Sources */,
				DDCD8D831932807A00D9B731 /* CZOpenWeatherMapService.m in Sources */,
				DDCD8D841932807A00D9B731 /* CZWundergroundService.m in Sources */,
				DDCD8BAB1931B8C200D9B731 /* CZOpenWeatherMapServiceTests.m in Sources */,
				96AA58121942034B00AC9A82 /* CZForecastioService.m in Sources */,
				DDB94A91193077910079DF6D /* CZWeatherServiceTestCase.m in Sources */,
				DDB94A90193077880079DF6D /* CZWundergroundServiceTests.m in Sources */,
			);
			runOnlyForDeploymentPostprocessing = 0;
		};
		DDB94A68193073F30079DF6D /* Sources */ = {
			isa = PBXSourcesBuildPhase;
			buildActionMask = 2147483647;
			files = (
				DD444CFA193421BB00361FB3 /* CZWeatherLocation.m in Sources */,
				DDB94A92193079380079DF6D /* CZWeatherServiceTestCase.m in Sources */,
				DDCD8D361932802800D9B731 /* CZOpenWeatherMapService.m in Sources */,
				2DFAA86019354242001E2691 /* CZWeatherLocationTestCase.m in Sources */,
				DDCD8D351932802800D9B731 /* CZWeatherRequest.m in Sources */,
				DDB94A93193079380079DF6D /* CZWundergroundServiceTests.m in Sources */,
				DDCD8D371932802800D9B731 /* CZWundergroundService.m in Sources */,
				DDCD8BAA1931ADC400D9B731 /* CZOpenWeatherMapServiceTests.m in Sources */,
				96AA58111942034B00AC9A82 /* CZForecastioService.m in Sources */,
				DDCD8D341932802800D9B731 /* NSString+CZWeatherKit_Substring.m in Sources */,
				DDCD8D331932802800D9B731 /* CZWeatherCondition.m in Sources */,
			);
			runOnlyForDeploymentPostprocessing = 0;
		};
/* End PBXSourcesBuildPhase section */

/* Begin PBXVariantGroup section */
		DD5181EA192AF6D100D896A6 /* InfoPlist.strings */ = {
			isa = PBXVariantGroup;
			children = (
				DD5181EB192AF6D100D896A6 /* en */,
			);
			name = InfoPlist.strings;
			sourceTree = "<group>";
		};
		DDB94A521930737E0079DF6D /* InfoPlist.strings */ = {
			isa = PBXVariantGroup;
			children = (
				DDB94A531930737E0079DF6D /* en */,
			);
			name = InfoPlist.strings;
			sourceTree = "<group>";
		};
		DDB94A73193073F30079DF6D /* InfoPlist.strings */ = {
			isa = PBXVariantGroup;
			children = (
				DDB94A74193073F30079DF6D /* en */,
			);
			name = InfoPlist.strings;
			sourceTree = "<group>";
		};
/* End PBXVariantGroup section */

/* Begin XCBuildConfiguration section */
		DD5181EF192AF6D100D896A6 /* Debug */ = {
			isa = XCBuildConfiguration;
			buildSettings = {
				ALWAYS_SEARCH_USER_PATHS = NO;
				CLANG_CXX_LANGUAGE_STANDARD = "gnu++0x";
				CLANG_CXX_LIBRARY = "libc++";
				CLANG_ENABLE_MODULES = YES;
				CLANG_ENABLE_OBJC_ARC = YES;
				CLANG_WARN_BOOL_CONVERSION = YES;
				CLANG_WARN_CONSTANT_CONVERSION = YES;
				CLANG_WARN_DIRECT_OBJC_ISA_USAGE = YES_ERROR;
				CLANG_WARN_EMPTY_BODY = YES;
				CLANG_WARN_ENUM_CONVERSION = YES;
				CLANG_WARN_INT_CONVERSION = YES;
				CLANG_WARN_OBJC_ROOT_CLASS = YES_ERROR;
				CLANG_WARN__DUPLICATE_METHOD_MATCH = YES;
				CODE_SIGN_IDENTITY = "";
				"CODE_SIGN_IDENTITY[sdk=iphoneos*]" = "";
				COPY_PHASE_STRIP = NO;
				GCC_C_LANGUAGE_STANDARD = gnu99;
				GCC_DYNAMIC_NO_PIC = NO;
				GCC_OPTIMIZATION_LEVEL = 0;
				GCC_PREPROCESSOR_DEFINITIONS = (
					"DEBUG=1",
					"$(inherited)",
				);
				GCC_SYMBOLS_PRIVATE_EXTERN = NO;
				GCC_WARN_64_TO_32_BIT_CONVERSION = YES;
				GCC_WARN_ABOUT_RETURN_TYPE = YES_ERROR;
				GCC_WARN_UNDECLARED_SELECTOR = YES;
				GCC_WARN_UNINITIALIZED_AUTOS = YES_AGGRESSIVE;
				GCC_WARN_UNUSED_FUNCTION = YES;
				GCC_WARN_UNUSED_VARIABLE = YES;
				IPHONEOS_DEPLOYMENT_TARGET = 7.0;
				ONLY_ACTIVE_ARCH = NO;
				SDKROOT = iphoneos;
				TARGETED_DEVICE_FAMILY = "1,2";
			};
			name = Debug;
		};
		DD5181F0192AF6D100D896A6 /* Release */ = {
			isa = XCBuildConfiguration;
			buildSettings = {
				ALWAYS_SEARCH_USER_PATHS = NO;
				CLANG_CXX_LANGUAGE_STANDARD = "gnu++0x";
				CLANG_CXX_LIBRARY = "libc++";
				CLANG_ENABLE_MODULES = YES;
				CLANG_ENABLE_OBJC_ARC = YES;
				CLANG_WARN_BOOL_CONVERSION = YES;
				CLANG_WARN_CONSTANT_CONVERSION = YES;
				CLANG_WARN_DIRECT_OBJC_ISA_USAGE = YES_ERROR;
				CLANG_WARN_EMPTY_BODY = YES;
				CLANG_WARN_ENUM_CONVERSION = YES;
				CLANG_WARN_INT_CONVERSION = YES;
				CLANG_WARN_OBJC_ROOT_CLASS = YES_ERROR;
				CLANG_WARN__DUPLICATE_METHOD_MATCH = YES;
				CODE_SIGN_IDENTITY = "";
				"CODE_SIGN_IDENTITY[sdk=iphoneos*]" = "";
				COPY_PHASE_STRIP = YES;
				ENABLE_NS_ASSERTIONS = NO;
				GCC_C_LANGUAGE_STANDARD = gnu99;
				GCC_WARN_64_TO_32_BIT_CONVERSION = YES;
				GCC_WARN_ABOUT_RETURN_TYPE = YES_ERROR;
				GCC_WARN_UNDECLARED_SELECTOR = YES;
				GCC_WARN_UNINITIALIZED_AUTOS = YES_AGGRESSIVE;
				GCC_WARN_UNUSED_FUNCTION = YES;
				GCC_WARN_UNUSED_VARIABLE = YES;
				IPHONEOS_DEPLOYMENT_TARGET = 7.0;
				ONLY_ACTIVE_ARCH = NO;
				SDKROOT = iphoneos;
				TARGETED_DEVICE_FAMILY = "1,2";
				VALIDATE_PRODUCT = YES;
			};
			name = Release;
		};
		DDB94A591930737E0079DF6D /* Debug */ = {
			isa = XCBuildConfiguration;
			buildSettings = {
				FRAMEWORK_SEARCH_PATHS = (
					"$(DEVELOPER_FRAMEWORKS_DIR)",
					"$(inherited)",
				);
				GCC_ENABLE_OBJC_EXCEPTIONS = YES;
				GCC_PRECOMPILE_PREFIX_HEADER = NO;
				GCC_PREFIX_HEADER = "";
				GCC_PREPROCESSOR_DEFINITIONS = (
					"DEBUG=1",
					"$(inherited)",
				);
				INFOPLIST_FILE = "OSX Tests/OSX Tests-Info.plist";
				MACOSX_DEPLOYMENT_TARGET = 10.9;
				ONLY_ACTIVE_ARCH = NO;
				PRODUCT_NAME = "$(TARGET_NAME)";
				SDKROOT = macosx;
				WRAPPER_EXTENSION = xctest;
			};
			name = Debug;
		};
		DDB94A5A1930737E0079DF6D /* Release */ = {
			isa = XCBuildConfiguration;
			buildSettings = {
				DEBUG_INFORMATION_FORMAT = "dwarf-with-dsym";
				FRAMEWORK_SEARCH_PATHS = (
					"$(DEVELOPER_FRAMEWORKS_DIR)",
					"$(inherited)",
				);
				GCC_ENABLE_OBJC_EXCEPTIONS = YES;
				GCC_PRECOMPILE_PREFIX_HEADER = NO;
				GCC_PREFIX_HEADER = "";
				INFOPLIST_FILE = "OSX Tests/OSX Tests-Info.plist";
				MACOSX_DEPLOYMENT_TARGET = 10.9;
				ONLY_ACTIVE_ARCH = NO;
				PRODUCT_NAME = "$(TARGET_NAME)";
				SDKROOT = macosx;
				WRAPPER_EXTENSION = xctest;
			};
			name = Release;
		};
		DDB94A7A193073F30079DF6D /* Debug */ = {
			isa = XCBuildConfiguration;
			buildSettings = {
				FRAMEWORK_SEARCH_PATHS = (
					"$(SDKROOT)/Developer/Library/Frameworks",
					"$(inherited)",
					"$(DEVELOPER_FRAMEWORKS_DIR)",
				);
				GCC_PRECOMPILE_PREFIX_HEADER = NO;
				GCC_PREFIX_HEADER = "";
				GCC_PREPROCESSOR_DEFINITIONS = (
					"DEBUG=1",
					"$(inherited)",
				);
				INFOPLIST_FILE = "iOS Tests/iOS Tests-Info.plist";
				IPHONEOS_DEPLOYMENT_TARGET = 6.0;
				ONLY_ACTIVE_ARCH = NO;
				PRODUCT_NAME = "$(TARGET_NAME)";
				WRAPPER_EXTENSION = xctest;
			};
			name = Debug;
		};
		DDB94A7B193073F30079DF6D /* Release */ = {
			isa = XCBuildConfiguration;
			buildSettings = {
				FRAMEWORK_SEARCH_PATHS = (
					"$(SDKROOT)/Developer/Library/Frameworks",
					"$(inherited)",
					"$(DEVELOPER_FRAMEWORKS_DIR)",
				);
				GCC_PRECOMPILE_PREFIX_HEADER = NO;
				GCC_PREFIX_HEADER = "";
				INFOPLIST_FILE = "iOS Tests/iOS Tests-Info.plist";
				IPHONEOS_DEPLOYMENT_TARGET = 6.0;
				ONLY_ACTIVE_ARCH = NO;
				PRODUCT_NAME = "$(TARGET_NAME)";
				WRAPPER_EXTENSION = xctest;
			};
			name = Release;
		};
/* End XCBuildConfiguration section */

/* Begin XCConfigurationList section */
		DD5181C0192AF6D100D896A6 /* Build configuration list for PBXProject "CZWeatherKit Tests" */ = {
			isa = XCConfigurationList;
			buildConfigurations = (
				DD5181EF192AF6D100D896A6 /* Debug */,
				DD5181F0192AF6D100D896A6 /* Release */,
			);
			defaultConfigurationIsVisible = 0;
			defaultConfigurationName = Release;
		};
		DDB94A581930737E0079DF6D /* Build configuration list for PBXNativeTarget "OSX Tests" */ = {
			isa = XCConfigurationList;
			buildConfigurations = (
				DDB94A591930737E0079DF6D /* Debug */,
				DDB94A5A1930737E0079DF6D /* Release */,
			);
			defaultConfigurationIsVisible = 0;
			defaultConfigurationName = Release;
		};
		DDB94A79193073F30079DF6D /* Build configuration list for PBXNativeTarget "iOS Tests" */ = {
			isa = XCConfigurationList;
			buildConfigurations = (
				DDB94A7A193073F30079DF6D /* Debug */,
				DDB94A7B193073F30079DF6D /* Release */,
			);
			defaultConfigurationIsVisible = 0;
			defaultConfigurationName = Release;
		};
/* End XCConfigurationList section */
	};
	rootObject = DD5181BD192AF6D100D896A6 /* Project object */;
}
