// !$*UTF8*$!
{
	archiveVersion = 1;
	classes = {
	};
	objectVersion = 46;
	objects = {

/* Begin PBXBuildFile section */
		DDCD8BFF1931BD1700D9B731 /* Foundation.framework in Frameworks */ = {isa = PBXBuildFile; fileRef = DDCD8BFE1931BD1700D9B731 /* Foundation.framework */; };
		DDCD8C011931BD1700D9B731 /* CoreGraphics.framework in Frameworks */ = {isa = PBXBuildFile; fileRef = DDCD8C001931BD1700D9B731 /* CoreGraphics.framework */; };
		DDCD8C031931BD1700D9B731 /* UIKit.framework in Frameworks */ = {isa = PBXBuildFile; fileRef = DDCD8C021931BD1700D9B731 /* UIKit.framework */; };
		DDCD8C091931BD1700D9B731 /* InfoPlist.strings in Resources */ = {isa = PBXBuildFile; fileRef = DDCD8C071931BD1700D9B731 /* InfoPlist.strings */; };
		DDCD8C0B1931BD1700D9B731 /* main.m in Sources */ = {isa = PBXBuildFile; fileRef = DDCD8C0A1931BD1700D9B731 /* main.m */; };
		DDCD8C0F1931BD1700D9B731 /* CZAppDelegate.m in Sources */ = {isa = PBXBuildFile; fileRef = DDCD8C0E1931BD1700D9B731 /* CZAppDelegate.m */; };
		DDCD8C181931BD1700D9B731 /* CZMainViewController.m in Sources */ = {isa = PBXBuildFile; fileRef = DDCD8C171931BD1700D9B731 /* CZMainViewController.m */; };
		DDCD8D4B1932803500D9B731 /* CZWeatherCondition.m in Sources */ = {isa = PBXBuildFile; fileRef = DDCD8D3D1932803500D9B731 /* CZWeatherCondition.m */; };
		DDCD8D4C1932803500D9B731 /* NSString+CZWeatherKit_Substring.m in Sources */ = {isa = PBXBuildFile; fileRef = DDCD8D401932803500D9B731 /* NSString+CZWeatherKit_Substring.m */; };
		DDCD8D4D1932803500D9B731 /* CZWeatherRequest.m in Sources */ = {isa = PBXBuildFile; fileRef = DDCD8D431932803500D9B731 /* CZWeatherRequest.m */; };
		DDCD8D4E1932803500D9B731 /* CZOpenWeatherMapService.m in Sources */ = {isa = PBXBuildFile; fileRef = DDCD8D461932803500D9B731 /* CZOpenWeatherMapService.m */; };
		DDCD8D4F1932803500D9B731 /* CZWundergroundService.m in Sources */ = {isa = PBXBuildFile; fileRef = DDCD8D4A1932803500D9B731 /* CZWundergroundService.m */; };
		DDCD8D8C19328D4A00D9B731 /* API_KEY.plist in Resources */ = {isa = PBXBuildFile; fileRef = DDCD8D8B19328D4A00D9B731 /* API_KEY.plist */; };
		DDCD8DDA19328DEA00D9B731 /* Default-568h@2x.png in Resources */ = {isa = PBXBuildFile; fileRef = DDCD8DD719328DEA00D9B731 /* Default-568h@2x.png */; };
		DDCD8DDB19328DEA00D9B731 /* Default.png in Resources */ = {isa = PBXBuildFile; fileRef = DDCD8DD819328DEA00D9B731 /* Default.png */; };
		DDCD8DDC19328DEA00D9B731 /* Default@2x.png in Resources */ = {isa = PBXBuildFile; fileRef = DDCD8DD919328DEA00D9B731 /* Default@2x.png */; };
		DDCD8DE019328E7900D9B731 /* CZWeatherView.m in Sources */ = {isa = PBXBuildFile; fileRef = DDCD8DDF19328E7900D9B731 /* CZWeatherView.m */; };
/* End PBXBuildFile section */

/* Begin PBXFileReference section */
		DDCD8BFB1931BD1700D9B731 /* CZWeatherKit Example iOS.app */ = {isa = PBXFileReference; explicitFileType = wrapper.application; includeInIndex = 0; path = "CZWeatherKit Example iOS.app"; sourceTree = BUILT_PRODUCTS_DIR; };
		DDCD8BFE1931BD1700D9B731 /* Foundation.framework */ = {isa = PBXFileReference; lastKnownFileType = wrapper.framework; name = Foundation.framework; path = System/Library/Frameworks/Foundation.framework; sourceTree = SDKROOT; };
		DDCD8C001931BD1700D9B731 /* CoreGraphics.framework */ = {isa = PBXFileReference; lastKnownFileType = wrapper.framework; name = CoreGraphics.framework; path = System/Library/Frameworks/CoreGraphics.framework; sourceTree = SDKROOT; };
		DDCD8C021931BD1700D9B731 /* UIKit.framework */ = {isa = PBXFileReference; lastKnownFileType = wrapper.framework; name = UIKit.framework; path = System/Library/Frameworks/UIKit.framework; sourceTree = SDKROOT; };
		DDCD8C061931BD1700D9B731 /* CZWeatherKit Example iOS-Info.plist */ = {isa = PBXFileReference; lastKnownFileType = text.plist.xml; path = "CZWeatherKit Example iOS-Info.plist"; sourceTree = "<group>"; };
		DDCD8C081931BD1700D9B731 /* en */ = {isa = PBXFileReference; lastKnownFileType = text.plist.strings; name = en; path = en.lproj/InfoPlist.strings; sourceTree = "<group>"; };
		DDCD8C0A1931BD1700D9B731 /* main.m */ = {isa = PBXFileReference; lastKnownFileType = sourcecode.c.objc; path = main.m; sourceTree = "<group>"; };
		DDCD8C0C1931BD1700D9B731 /* CZWeatherKit Example iOS-Prefix.pch */ = {isa = PBXFileReference; lastKnownFileType = sourcecode.c.h; path = "CZWeatherKit Example iOS-Prefix.pch"; sourceTree = "<group>"; };
		DDCD8C0D1931BD1700D9B731 /* CZAppDelegate.h */ = {isa = PBXFileReference; lastKnownFileType = sourcecode.c.h; path = CZAppDelegate.h; sourceTree = "<group>"; };
		DDCD8C0E1931BD1700D9B731 /* CZAppDelegate.m */ = {isa = PBXFileReference; lastKnownFileType = sourcecode.c.objc; path = CZAppDelegate.m; sourceTree = "<group>"; };
		DDCD8C161931BD1700D9B731 /* CZMainViewController.h */ = {isa = PBXFileReference; lastKnownFileType = sourcecode.c.h; path = CZMainViewController.h; sourceTree = "<group>"; };
		DDCD8C171931BD1700D9B731 /* CZMainViewController.m */ = {isa = PBXFileReference; lastKnownFileType = sourcecode.c.objc; path = CZMainViewController.m; sourceTree = "<group>"; };
		DDCD8C201931BD1700D9B731 /* XCTest.framework */ = {isa = PBXFileReference; lastKnownFileType = wrapper.framework; name = XCTest.framework; path = Library/Frameworks/XCTest.framework; sourceTree = DEVELOPER_DIR; };
		DDCD8D391932803500D9B731 /* Climacon.h */ = {isa = PBXFileReference; fileEncoding = 4; lastKnownFileType = sourcecode.c.h; path = Climacon.h; sourceTree = "<group>"; };
		DDCD8D3A1932803500D9B731 /* CZWeatherKit.h */ = {isa = PBXFileReference; fileEncoding = 4; lastKnownFileType = sourcecode.c.h; path = CZWeatherKit.h; sourceTree = "<group>"; };
		DDCD8D3C1932803500D9B731 /* CZWeatherCondition.h */ = {isa = PBXFileReference; fileEncoding = 4; lastKnownFileType = sourcecode.c.h; path = CZWeatherCondition.h; sourceTree = "<group>"; };
		DDCD8D3D1932803500D9B731 /* CZWeatherCondition.m */ = {isa = PBXFileReference; fileEncoding = 4; lastKnownFileType = sourcecode.c.objc; path = CZWeatherCondition.m; sourceTree = "<group>"; };
		DDCD8D3F1932803500D9B731 /* NSString+CZWeatherKit_Substring.h */ = {isa = PBXFileReference; fileEncoding = 4; lastKnownFileType = sourcecode.c.h; path = "NSString+CZWeatherKit_Substring.h"; sourceTree = "<group>"; };
		DDCD8D401932803500D9B731 /* NSString+CZWeatherKit_Substring.m */ = {isa = PBXFileReference; fileEncoding = 4; lastKnownFileType = sourcecode.c.objc; path = "NSString+CZWeatherKit_Substring.m"; sourceTree = "<group>"; };
		DDCD8D421932803500D9B731 /* CZWeatherRequest.h */ = {isa = PBXFileReference; fileEncoding = 4; lastKnownFileType = sourcecode.c.h; path = CZWeatherRequest.h; sourceTree = "<group>"; };
		DDCD8D431932803500D9B731 /* CZWeatherRequest.m */ = {isa = PBXFileReference; fileEncoding = 4; lastKnownFileType = sourcecode.c.objc; path = CZWeatherRequest.m; sourceTree = "<group>"; };
		DDCD8D451932803500D9B731 /* CZOpenWeatherMapService.h */ = {isa = PBXFileReference; fileEncoding = 4; lastKnownFileType = sourcecode.c.h; path = CZOpenWeatherMapService.h; sourceTree = "<group>"; };
		DDCD8D461932803500D9B731 /* CZOpenWeatherMapService.m */ = {isa = PBXFileReference; fileEncoding = 4; lastKnownFileType = sourcecode.c.objc; path = CZOpenWeatherMapService.m; sourceTree = "<group>"; };
		DDCD8D471932803500D9B731 /* CZWeatherService.h */ = {isa = PBXFileReference; fileEncoding = 4; lastKnownFileType = sourcecode.c.h; path = CZWeatherService.h; sourceTree = "<group>"; };
		DDCD8D481932803500D9B731 /* CZWeatherService_Internal.h */ = {isa = PBXFileReference; fileEncoding = 4; lastKnownFileType = sourcecode.c.h; path = CZWeatherService_Internal.h; sourceTree = "<group>"; };
		DDCD8D491932803500D9B731 /* CZWundergroundService.h */ = {isa = PBXFileReference; fileEncoding = 4; lastKnownFileType = sourcecode.c.h; path = CZWundergroundService.h; sourceTree = "<group>"; };
		DDCD8D4A1932803500D9B731 /* CZWundergroundService.m */ = {isa = PBXFileReference; fileEncoding = 4; lastKnownFileType = sourcecode.c.objc; path = CZWundergroundService.m; sourceTree = "<group>"; };
		DDCD8D8B19328D4A00D9B731 /* API_KEY.plist */ = {isa = PBXFileReference; fileEncoding = 4; lastKnownFileType = text.plist.xml; name = API_KEY.plist; path = ../../API_KEY.plist; sourceTree = "<group>"; };
		DDCD8DD719328DEA00D9B731 /* Default-568h@2x.png */ = {isa = PBXFileReference; lastKnownFileType = image.png; name = "Default-568h@2x.png"; path = "../../../AFNetworking/Example/Default-568h@2x.png"; sourceTree = "<group>"; };
		DDCD8DD819328DEA00D9B731 /* Default.png */ = {isa = PBXFileReference; lastKnownFileType = image.png; name = Default.png; path = ../../../AFNetworking/Example/Default.png; sourceTree = "<group>"; };
		DDCD8DD919328DEA00D9B731 /* Default@2x.png */ = {isa = PBXFileReference; lastKnownFileType = image.png; name = "Default@2x.png"; path = "../../../AFNetworking/Example/Default@2x.png"; sourceTree = "<group>"; };
		DDCD8DDE19328E7900D9B731 /* CZWeatherView.h */ = {isa = PBXFileReference; fileEncoding = 4; lastKnownFileType = sourcecode.c.h; path = CZWeatherView.h; sourceTree = "<group>"; };
		DDCD8DDF19328E7900D9B731 /* CZWeatherView.m */ = {isa = PBXFileReference; fileEncoding = 4; lastKnownFileType = sourcecode.c.objc; path = CZWeatherView.m; sourceTree = "<group>"; };
/* End PBXFileReference section */

/* Begin PBXFrameworksBuildPhase section */
		DDCD8BF81931BD1700D9B731 /* Frameworks */ = {
			isa = PBXFrameworksBuildPhase;
			buildActionMask = 2147483647;
			files = (
				DDCD8C011931BD1700D9B731 /* CoreGraphics.framework in Frameworks */,
				DDCD8C031931BD1700D9B731 /* UIKit.framework in Frameworks */,
				DDCD8BFF1931BD1700D9B731 /* Foundation.framework in Frameworks */,
			);
			runOnlyForDeploymentPostprocessing = 0;
		};
/* End PBXFrameworksBuildPhase section */

/* Begin PBXGroup section */
		DDCD8BF21931BD1700D9B731 = {
			isa = PBXGroup;
			children = (
				DDCD8D381932803500D9B731 /* CZWeatherKit */,
				DDCD8C041931BD1700D9B731 /* CZWeatherKit Example iOS */,
				DDCD8BFD1931BD1700D9B731 /* Frameworks */,
				DDCD8BFC1931BD1700D9B731 /* Products */,
			);
			sourceTree = "<group>";
		};
		DDCD8BFC1931BD1700D9B731 /* Products */ = {
			isa = PBXGroup;
			children = (
				DDCD8BFB1931BD1700D9B731 /* CZWeatherKit Example iOS.app */,
			);
			name = Products;
			sourceTree = "<group>";
		};
		DDCD8BFD1931BD1700D9B731 /* Frameworks */ = {
			isa = PBXGroup;
			children = (
				DDCD8BFE1931BD1700D9B731 /* Foundation.framework */,
				DDCD8C001931BD1700D9B731 /* CoreGraphics.framework */,
				DDCD8C021931BD1700D9B731 /* UIKit.framework */,
				DDCD8C201931BD1700D9B731 /* XCTest.framework */,
			);
			name = Frameworks;
			sourceTree = "<group>";
		};
		DDCD8C041931BD1700D9B731 /* CZWeatherKit Example iOS */ = {
			isa = PBXGroup;
			children = (
				DDCD8C361931BD2400D9B731 /* Classes */,
				DDCD8D9019328DB300D9B731 /* Resources */,
				DDCD8C051931BD1700D9B731 /* Supporting Files */,
			);
			path = "CZWeatherKit Example iOS";
			sourceTree = "<group>";
		};
		DDCD8C051931BD1700D9B731 /* Supporting Files */ = {
			isa = PBXGroup;
			children = (
				DDCD8C061931BD1700D9B731 /* CZWeatherKit Example iOS-Info.plist */,
				DDCD8C071931BD1700D9B731 /* InfoPlist.strings */,
				DDCD8C0A1931BD1700D9B731 /* main.m */,
				DDCD8C0C1931BD1700D9B731 /* CZWeatherKit Example iOS-Prefix.pch */,
			);
			name = "Supporting Files";
			sourceTree = "<group>";
		};
		DDCD8C361931BD2400D9B731 /* Classes */ = {
			isa = PBXGroup;
			children = (
				DDCD8C0D1931BD1700D9B731 /* CZAppDelegate.h */,
				DDCD8C0E1931BD1700D9B731 /* CZAppDelegate.m */,
				DDCD8DDD19328E6600D9B731 /* Views */,
				DDCD8D8F19328DA300D9B731 /* Controllers */,
			);
			name = Classes;
			sourceTree = "<group>";
		};
		DDCD8D381932803500D9B731 /* CZWeatherKit */ = {
			isa = PBXGroup;
			children = (
				DDCD8D391932803500D9B731 /* Climacon.h */,
				DDCD8D3A1932803500D9B731 /* CZWeatherKit.h */,
				DDCD8D3B1932803500D9B731 /* Data */,
				DDCD8D3E1932803500D9B731 /* Helper */,
				DDCD8D411932803500D9B731 /* Request */,
				DDCD8D441932803500D9B731 /* Service */,
			);
			name = CZWeatherKit;
			path = ../CZWeatherKit;
			sourceTree = "<group>";
		};
		DDCD8D3B1932803500D9B731 /* Data */ = {
			isa = PBXGroup;
			children = (
				DDCD8D3C1932803500D9B731 /* CZWeatherCondition.h */,
				DDCD8D3D1932803500D9B731 /* CZWeatherCondition.m */,
			);
			path = Data;
			sourceTree = "<group>";
		};
		DDCD8D3E1932803500D9B731 /* Helper */ = {
			isa = PBXGroup;
			children = (
				DDCD8D3F1932803500D9B731 /* NSString+CZWeatherKit_Substring.h */,
				DDCD8D401932803500D9B731 /* NSString+CZWeatherKit_Substring.m */,
			);
			path = Helper;
			sourceTree = "<group>";
		};
		DDCD8D411932803500D9B731 /* Request */ = {
			isa = PBXGroup;
			children = (
				DDCD8D421932803500D9B731 /* CZWeatherRequest.h */,
				DDCD8D431932803500D9B731 /* CZWeatherRequest.m */,
			);
			path = Request;
			sourceTree = "<group>";
		};
		DDCD8D441932803500D9B731 /* Service */ = {
			isa = PBXGroup;
			children = (
				DDCD8D451932803500D9B731 /* CZOpenWeatherMapService.h */,
				DDCD8D461932803500D9B731 /* CZOpenWeatherMapService.m */,
				DDCD8D471932803500D9B731 /* CZWeatherService.h */,
				DDCD8D481932803500D9B731 /* CZWeatherService_Internal.h */,
				DDCD8D491932803500D9B731 /* CZWundergroundService.h */,
				DDCD8D4A1932803500D9B731 /* CZWundergroundService.m */,
			);
			path = Service;
			sourceTree = "<group>";
		};
		DDCD8D8F19328DA300D9B731 /* Controllers */ = {
			isa = PBXGroup;
			children = (
				DDCD8C161931BD1700D9B731 /* CZMainViewController.h */,
				DDCD8C171931BD1700D9B731 /* CZMainViewController.m */,
			);
			name = Controllers;
			sourceTree = "<group>";
		};
		DDCD8D9019328DB300D9B731 /* Resources */ = {
			isa = PBXGroup;
			children = (
				DDCD8DD819328DEA00D9B731 /* Default.png */,
				DDCD8DD919328DEA00D9B731 /* Default@2x.png */,
				DDCD8DD719328DEA00D9B731 /* Default-568h@2x.png */,
				DDCD8D8B19328D4A00D9B731 /* API_KEY.plist */,
			);
			name = Resources;
			sourceTree = "<group>";
		};
		DDCD8DDD19328E6600D9B731 /* Views */ = {
			isa = PBXGroup;
			children = (
				DDCD8DDE19328E7900D9B731 /* CZWeatherView.h */,
				DDCD8DDF19328E7900D9B731 /* CZWeatherView.m */,
			);
			name = Views;
			sourceTree = "<group>";
		};
/* End PBXGroup section */

/* Begin PBXNativeTarget section */
		DDCD8BFA1931BD1700D9B731 /* CZWeatherKit Example iOS */ = {
			isa = PBXNativeTarget;
			buildConfigurationList = DDCD8C301931BD1700D9B731 /* Build configuration list for PBXNativeTarget "CZWeatherKit Example iOS" */;
			buildPhases = (
				DDCD8BF71931BD1700D9B731 /* Sources */,
				DDCD8BF81931BD1700D9B731 /* Frameworks */,
				DDCD8BF91931BD1700D9B731 /* Resources */,
			);
			buildRules = (
			);
			dependencies = (
			);
			name = "CZWeatherKit Example iOS";
			productName = "CZWeatherKit Example iOS";
			productReference = DDCD8BFB1931BD1700D9B731 /* CZWeatherKit Example iOS.app */;
			productType = "com.apple.product-type.application";
		};
/* End PBXNativeTarget section */

/* Begin PBXProject section */
		DDCD8BF31931BD1700D9B731 /* Project object */ = {
			isa = PBXProject;
			attributes = {
				CLASSPREFIX = CZ;
				LastUpgradeCheck = 0510;
				ORGANIZATIONNAME = "Comyar Zaheri";
			};
			buildConfigurationList = DDCD8BF61931BD1700D9B731 /* Build configuration list for PBXProject "CZWeatherKit Example iOS" */;
			compatibilityVersion = "Xcode 3.2";
			developmentRegion = English;
			hasScannedForEncodings = 0;
			knownRegions = (
				en,
				Base,
			);
			mainGroup = DDCD8BF21931BD1700D9B731;
			productRefGroup = DDCD8BFC1931BD1700D9B731 /* Products */;
			projectDirPath = "";
			projectRoot = "";
			targets = (
				DDCD8BFA1931BD1700D9B731 /* CZWeatherKit Example iOS */,
			);
		};
/* End PBXProject section */

/* Begin PBXResourcesBuildPhase section */
		DDCD8BF91931BD1700D9B731 /* Resources */ = {
			isa = PBXResourcesBuildPhase;
			buildActionMask = 2147483647;
			files = (
				DDCD8D8C19328D4A00D9B731 /* API_KEY.plist in Resources */,
				DDCD8C091931BD1700D9B731 /* InfoPlist.strings in Resources */,
				DDCD8DDC19328DEA00D9B731 /* Default@2x.png in Resources */,
				DDCD8DDA19328DEA00D9B731 /* Default-568h@2x.png in Resources */,
				DDCD8DDB19328DEA00D9B731 /* Default.png in Resources */,
			);
			runOnlyForDeploymentPostprocessing = 0;
		};
/* End PBXResourcesBuildPhase section */

/* Begin PBXSourcesBuildPhase section */
		DDCD8BF71931BD1700D9B731 /* Sources */ = {
			isa = PBXSourcesBuildPhase;
			buildActionMask = 2147483647;
			files = (
				DDCD8C0B1931BD1700D9B731 /* main.m in Sources */,
				DDCD8D4E1932803500D9B731 /* CZOpenWeatherMapService.m in Sources */,
				DDCD8DE019328E7900D9B731 /* CZWeatherView.m in Sources */,
				DDCD8D4D1932803500D9B731 /* CZWeatherRequest.m in Sources */,
				DDCD8C0F1931BD1700D9B731 /* CZAppDelegate.m in Sources */,
				DDCD8D4F1932803500D9B731 /* CZWundergroundService.m in Sources */,
				DDCD8C181931BD1700D9B731 /* CZMainViewController.m in Sources */,
				DDCD8D4C1932803500D9B731 /* NSString+CZWeatherKit_Substring.m in Sources */,
				DDCD8D4B1932803500D9B731 /* CZWeatherCondition.m in Sources */,
			);
			runOnlyForDeploymentPostprocessing = 0;
		};
/* End PBXSourcesBuildPhase section */

/* Begin PBXVariantGroup section */
		DDCD8C071931BD1700D9B731 /* InfoPlist.strings */ = {
			isa = PBXVariantGroup;
			children = (
				DDCD8C081931BD1700D9B731 /* en */,
			);
			name = InfoPlist.strings;
			sourceTree = "<group>";
		};
/* End PBXVariantGroup section */

/* Begin XCBuildConfiguration section */
		DDCD8C2E1931BD1700D9B731 /* Debug */ = {
			isa = XCBuildConfiguration;
			buildSettings = {
				ALWAYS_SEARCH_USER_PATHS = NO;
				CLANG_CXX_LANGUAGE_STANDARD = "gnu++0x";
				CLANG_CXX_LIBRARY = "libc++";
				CLANG_ENABLE_MODULES = YES;
				CLANG_ENABLE_OBJC_ARC = YES;
				CLANG_WARN_BOOL_CONVERSION = YES;
				CLANG_WARN_CONSTANT_CONVERSION = YES;
				CLANG_WARN_DIRECT_OBJC_ISA_USAGE = YES_ERROR;
				CLANG_WARN_EMPTY_BODY = YES;
				CLANG_WARN_ENUM_CONVERSION = YES;
				CLANG_WARN_INT_CONVERSION = YES;
				CLANG_WARN_OBJC_ROOT_CLASS = YES_ERROR;
				CLANG_WARN__DUPLICATE_METHOD_MATCH = YES;
				"CODE_SIGN_IDENTITY[sdk=iphoneos*]" = "iPhone Developer";
				COPY_PHASE_STRIP = NO;
				GCC_C_LANGUAGE_STANDARD = gnu99;
				GCC_DYNAMIC_NO_PIC = NO;
				GCC_OPTIMIZATION_LEVEL = 0;
				GCC_PREPROCESSOR_DEFINITIONS = (
					"DEBUG=1",
					"$(inherited)",
				);
				GCC_SYMBOLS_PRIVATE_EXTERN = NO;
				GCC_WARN_64_TO_32_BIT_CONVERSION = YES;
				GCC_WARN_ABOUT_RETURN_TYPE = YES_ERROR;
				GCC_WARN_UNDECLARED_SELECTOR = YES;
				GCC_WARN_UNINITIALIZED_AUTOS = YES_AGGRESSIVE;
				GCC_WARN_UNUSED_FUNCTION = YES;
				GCC_WARN_UNUSED_VARIABLE = YES;
				IPHONEOS_DEPLOYMENT_TARGET = 7.0;
				ONLY_ACTIVE_ARCH = YES;
				SDKROOT = iphoneos;
				TARGETED_DEVICE_FAMILY = "1,2";
			};
			name = Debug;
		};
		DDCD8C2F1931BD1700D9B731 /* Release */ = {
			isa = XCBuildConfiguration;
			buildSettings = {
				ALWAYS_SEARCH_USER_PATHS = NO;
				CLANG_CXX_LANGUAGE_STANDARD = "gnu++0x";
				CLANG_CXX_LIBRARY = "libc++";
				CLANG_ENABLE_MODULES = YES;
				CLANG_ENABLE_OBJC_ARC = YES;
				CLANG_WARN_BOOL_CONVERSION = YES;
				CLANG_WARN_CONSTANT_CONVERSION = YES;
				CLANG_WARN_DIRECT_OBJC_ISA_USAGE = YES_ERROR;
				CLANG_WARN_EMPTY_BODY = YES;
				CLANG_WARN_ENUM_CONVERSION = YES;
				CLANG_WARN_INT_CONVERSION = YES;
				CLANG_WARN_OBJC_ROOT_CLASS = YES_ERROR;
				CLANG_WARN__DUPLICATE_METHOD_MATCH = YES;
				"CODE_SIGN_IDENTITY[sdk=iphoneos*]" = "iPhone Developer";
				COPY_PHASE_STRIP = YES;
				ENABLE_NS_ASSERTIONS = NO;
				GCC_C_LANGUAGE_STANDARD = gnu99;
				GCC_WARN_64_TO_32_BIT_CONVERSION = YES;
				GCC_WARN_ABOUT_RETURN_TYPE = YES_ERROR;
				GCC_WARN_UNDECLARED_SELECTOR = YES;
				GCC_WARN_UNINITIALIZED_AUTOS = YES_AGGRESSIVE;
				GCC_WARN_UNUSED_FUNCTION = YES;
				GCC_WARN_UNUSED_VARIABLE = YES;
				IPHONEOS_DEPLOYMENT_TARGET = 7.0;
				SDKROOT = iphoneos;
				TARGETED_DEVICE_FAMILY = "1,2";
				VALIDATE_PRODUCT = YES;
			};
			name = Release;
		};
		DDCD8C311931BD1700D9B731 /* Debug */ = {
			isa = XCBuildConfiguration;
			buildSettings = {
				ASSETCATALOG_COMPILER_APPICON_NAME = AppIcon;
				ASSETCATALOG_COMPILER_LAUNCHIMAGE_NAME = LaunchImage;
				GCC_PRECOMPILE_PREFIX_HEADER = YES;
				GCC_PREFIX_HEADER = "CZWeatherKit Example iOS/CZWeatherKit Example iOS-Prefix.pch";
				INFOPLIST_FILE = "CZWeatherKit Example iOS/CZWeatherKit Example iOS-Info.plist";
				ONLY_ACTIVE_ARCH = NO;
				PRODUCT_NAME = "$(TARGET_NAME)";
				WRAPPER_EXTENSION = app;
			};
			name = Debug;
		};
		DDCD8C321931BD1700D9B731 /* Release */ = {
			isa = XCBuildConfiguration;
			buildSettings = {
				ASSETCATALOG_COMPILER_APPICON_NAME = AppIcon;
				ASSETCATALOG_COMPILER_LAUNCHIMAGE_NAME = LaunchImage;
				GCC_PRECOMPILE_PREFIX_HEADER = YES;
				GCC_PREFIX_HEADER = "CZWeatherKit Example iOS/CZWeatherKit Example iOS-Prefix.pch";
				INFOPLIST_FILE = "CZWeatherKit Example iOS/CZWeatherKit Example iOS-Info.plist";
				ONLY_ACTIVE_ARCH = NO;
				PRODUCT_NAME = "$(TARGET_NAME)";
				WRAPPER_EXTENSION = app;
			};
			name = Release;
		};
/* End XCBuildConfiguration section */

/* Begin XCConfigurationList section */
		DDCD8BF61931BD1700D9B731 /* Build configuration list for PBXProject "CZWeatherKit Example iOS" */ = {
			isa = XCConfigurationList;
			buildConfigurations = (
				DDCD8C2E1931BD1700D9B731 /* Debug */,
				DDCD8C2F1931BD1700D9B731 /* Release */,
			);
			defaultConfigurationIsVisible = 0;
			defaultConfigurationName = Release;
		};
		DDCD8C301931BD1700D9B731 /* Build configuration list for PBXNativeTarget "CZWeatherKit Example iOS" */ = {
			isa = XCConfigurationList;
			buildConfigurations = (
				DDCD8C311931BD1700D9B731 /* Debug */,
				DDCD8C321931BD1700D9B731 /* Release */,
			);
			defaultConfigurationIsVisible = 0;
		};
/* End XCConfigurationList section */
	};
	rootObject = DDCD8BF31931BD1700D9B731 /* Project object */;
}
